
Microsoft Visual Studio Solution File, Format Version 12.00
# Visual Studio 15
VisualStudioVersion = 15.0.28307.572
MinimumVisualStudioVersion = 10.0.40219.1
Project("{2150E333-8FDC-42A3-9474-1A3956D46DE8}") = "1. Presentation Layer", "1. Presentation Layer", "{A2DAE535-FB54-4903-A885-25F09D8C51B1}"
EndProject
Project("{2150E333-8FDC-42A3-9474-1A3956D46DE8}") = "3. Services", "3. Services", "{F1B92A4E-72C8-45EA-97D8-7C778A41665D}"
EndProject
Project("{FAE04EC0-301F-11D3-BF4B-00C04F79EFBC}") = "DTO", "Source\DTO\DTO.csproj", "{07438ED3-0A90-4C55-A88F-DF8FA033F5E4}"
EndProject
Project("{FAE04EC0-301F-11D3-BF4B-00C04F79EFBC}") = "DAO", "Source\DAO\DAO.csproj", "{C474A421-0C55-4F08-98CF-95AEE76D81E2}"
EndProject
Project("{FAE04EC0-301F-11D3-BF4B-00C04F79EFBC}") = "BUS", "Source\BUS\BUS.csproj", "{FDEC81C6-0D64-47C6-B861-E8961323652F}"
EndProject
Project("{2150E333-8FDC-42A3-9474-1A3956D46DE8}") = "2. Domain", "2. Domain", "{19186647-8932-4027-BBE6-CFAEBFFD5BCE}"
EndProject
Project("{FAE04EC0-301F-11D3-BF4B-00C04F79EFBC}") = "WebApi", "Source\WebApi\WebApi.csproj", "{0AFAE361-CCAE-4DAB-94EF-76EC55B944DE}"
EndProject
Project("{FAE04EC0-301F-11D3-BF4B-00C04F79EFBC}") = "DemoWeb", "Source\DemoWeb\DemoWeb.csproj", "{0FF3FB30-9F40-4E0D-9383-2251FC1E5E21}"
EndProject
Project("{FAE04EC0-301F-11D3-BF4B-00C04F79EFBC}") = "Ultilities", "Source\Ultilities\Ultilities.csproj", "{10750F68-5866-4C9B-8883-BD38AA3AA0A2}"
EndProject
Global
	GlobalSection(SolutionConfigurationPlatforms) = preSolution
		Debug|Any CPU = Debug|Any CPU
		Release|Any CPU = Release|Any CPU
	EndGlobalSection
	GlobalSection(ProjectConfigurationPlatforms) = postSolution
		{07438ED3-0A90-4C55-A88F-DF8FA033F5E4}.Debug|Any CPU.ActiveCfg = Debug|Any CPU
		{07438ED3-0A90-4C55-A88F-DF8FA033F5E4}.Debug|Any CPU.Build.0 = Debug|Any CPU
		{07438ED3-0A90-4C55-A88F-DF8FA033F5E4}.Release|Any CPU.ActiveCfg = Release|Any CPU
		{07438ED3-0A90-4C55-A88F-DF8FA033F5E4}.Release|Any CPU.Build.0 = Release|Any CPU
		{C474A421-0C55-4F08-98CF-95AEE76D81E2}.Debug|Any CPU.ActiveCfg = Debug|Any CPU
		{C474A421-0C55-4F08-98CF-95AEE76D81E2}.Debug|Any CPU.Build.0 = Debug|Any CPU
		{C474A421-0C55-4F08-98CF-95AEE76D81E2}.Release|Any CPU.ActiveCfg = Release|Any CPU
		{C474A421-0C55-4F08-98CF-95AEE76D81E2}.Release|Any CPU.Build.0 = Release|Any CPU
		{FDEC81C6-0D64-47C6-B861-E8961323652F}.Debug|Any CPU.ActiveCfg = Debug|Any CPU
		{FDEC81C6-0D64-47C6-B861-E8961323652F}.Debug|Any CPU.Build.0 = Debug|Any CPU
		{FDEC81C6-0D64-47C6-B861-E8961323652F}.Release|Any CPU.ActiveCfg = Release|Any CPU
		{FDEC81C6-0D64-47C6-B861-E8961323652F}.Release|Any CPU.Build.0 = Release|Any CPU
		{0AFAE361-CCAE-4DAB-94EF-76EC55B944DE}.Debug|Any CPU.ActiveCfg = Debug|Any CPU
		{0AFAE361-CCAE-4DAB-94EF-76EC55B944DE}.Debug|Any CPU.Build.0 = Debug|Any CPU
		{0AFAE361-CCAE-4DAB-94EF-76EC55B944DE}.Release|Any CPU.ActiveCfg = Release|Any CPU
		{0AFAE361-CCAE-4DAB-94EF-76EC55B944DE}.Release|Any CPU.Build.0 = Release|Any CPU
		{0FF3FB30-9F40-4E0D-9383-2251FC1E5E21}.Debug|Any CPU.ActiveCfg = Debug|Any CPU
		{0FF3FB30-9F40-4E0D-9383-2251FC1E5E21}.Debug|Any CPU.Build.0 = Debug|Any CPU
		{0FF3FB30-9F40-4E0D-9383-2251FC1E5E21}.Release|Any CPU.ActiveCfg = Release|Any CPU
		{0FF3FB30-9F40-4E0D-9383-2251FC1E5E21}.Release|Any CPU.Build.0 = Release|Any CPU
		{10750F68-5866-4C9B-8883-BD38AA3AA0A2}.Debug|Any CPU.ActiveCfg = Debug|Any CPU
		{10750F68-5866-4C9B-8883-BD38AA3AA0A2}.Debug|Any CPU.Build.0 = Debug|Any CPU
		{10750F68-5866-4C9B-8883-BD38AA3AA0A2}.Release|Any CPU.ActiveCfg = Release|Any CPU
		{10750F68-5866-4C9B-8883-BD38AA3AA0A2}.Release|Any CPU.Build.0 = Release|Any CPU
	EndGlobalSection
	GlobalSection(SolutionProperties) = preSolution
		HideSolutionNode = FALSE
	EndGlobalSection
	GlobalSection(NestedProjects) = preSolution
		{07438ED3-0A90-4C55-A88F-DF8FA033F5E4} = {F1B92A4E-72C8-45EA-97D8-7C778A41665D}
		{C474A421-0C55-4F08-98CF-95AEE76D81E2} = {F1B92A4E-72C8-45EA-97D8-7C778A41665D}
		{FDEC81C6-0D64-47C6-B861-E8961323652F} = {F1B92A4E-72C8-45EA-97D8-7C778A41665D}
		{0AFAE361-CCAE-4DAB-94EF-76EC55B944DE} = {A2DAE535-FB54-4903-A885-25F09D8C51B1}
		{0FF3FB30-9F40-4E0D-9383-2251FC1E5E21} = {A2DAE535-FB54-4903-A885-25F09D8C51B1}
		{10750F68-5866-4C9B-8883-BD38AA3AA0A2} = {19186647-8932-4027-BBE6-CFAEBFFD5BCE}
	EndGlobalSection
	GlobalSection(ExtensibilityGlobals) = postSolution
		SolutionGuid = {A4BA1324-0DA0-4771-9694-A5E0C3BB7E8E}
	EndGlobalSection
EndGlobal
